
Microsoft Visual Studio Solution File, Format Version 12.00
# Visual Studio Version 17
VisualStudioVersion = 17.11.35327.3
MinimumVisualStudioVersion = 10.0.40219.1
Project("{FAE04EC0-301F-11D3-BF4B-00C04F79EFBC}") = "Download Manager", "Download Manager\Download Manager.csproj", "{C42D8893-21D5-4757-A248-59F3C714DBAA}"
EndProject
Global
	GlobalSection(SolutionConfigurationPlatforms) = preSolution
		Debug|Any CPU = Debug|Any CPU
		Release|Any CPU = Release|Any CPU
	EndGlobalSection
	GlobalSection(ProjectConfigurationPlatforms) = postSolution
		{C42D8893-21D5-4757-A248-59F3C714DBAA}.Debug|Any CPU.ActiveCfg = Debug|Any CPU
		{C42D8893-21D5-4757-A248-59F3C714DBAA}.Debug|Any CPU.Build.0 = Debug|Any CPU
		{C42D8893-21D5-4757-A248-59F3C714DBAA}.Release|Any CPU.ActiveCfg = Release|Any CPU
		{C42D8893-21D5-4757-A248-59F3C714DBAA}.Release|Any CPU.Build.0 = Release|Any CPU
	EndGlobalSection
	GlobalSection(SolutionProperties) = preSolution
		HideSolutionNode = FALSE
	EndGlobalSection
	GlobalSection(ExtensibilityGlobals) = postSolution
		SolutionGuid = {B9613A32-7AF8-4649-8B40-8CE530F93368}
	EndGlobalSection
EndGlobal
